
Microsoft Visual Studio Solution File, Format Version 12.00
# Visual Studio Version 17
VisualStudioVersion = 17.0.31903.59
MinimumVisualStudioVersion = 10.0.40219.1
Project("{FAE04EC0-301F-11D3-BF4B-00C04F79EFBC}") = "API", "API\API.csproj", "{D897E062-C826-40C1-9DB4-A845887AB124}"
EndProject
Project("{FAE04EC0-301F-11D3-BF4B-00C04F79EFBC}") = "Application", "Application\Application.csproj", "{66EF15BE-1661-4C3D-A83B-735981AEF123}"
EndProject
Project("{FAE04EC0-301F-11D3-BF4B-00C04F79EFBC}") = "Domain", "Domain\Domain.csproj", "{37961C5D-63D5-447A-88A4-F0893E811E0A}"
EndProject
Project("{FAE04EC0-301F-11D3-BF4B-00C04F79EFBC}") = "Persistence", "Persistence\Persistence.csproj", "{3620934C-AC7B-405E-B0EB-211325DCC1F1}"
EndProject
Global
	GlobalSection(SolutionConfigurationPlatforms) = preSolution
		Debug|Any CPU = Debug|Any CPU
		Debug|x64 = Debug|x64
		Debug|x86 = Debug|x86
		Release|Any CPU = Release|Any CPU
		Release|x64 = Release|x64
		Release|x86 = Release|x86
	EndGlobalSection
	GlobalSection(ProjectConfigurationPlatforms) = postSolution
		{D897E062-C826-40C1-9DB4-A845887AB124}.Debug|Any CPU.ActiveCfg = Debug|Any CPU
		{D897E062-C826-40C1-9DB4-A845887AB124}.Debug|Any CPU.Build.0 = Debug|Any CPU
		{D897E062-C826-40C1-9DB4-A845887AB124}.Debug|x64.ActiveCfg = Debug|Any CPU
		{D897E062-C826-40C1-9DB4-A845887AB124}.Debug|x64.Build.0 = Debug|Any CPU
		{D897E062-C826-40C1-9DB4-A845887AB124}.Debug|x86.ActiveCfg = Debug|Any CPU
		{D897E062-C826-40C1-9DB4-A845887AB124}.Debug|x86.Build.0 = Debug|Any CPU
		{D897E062-C826-40C1-9DB4-A845887AB124}.Release|Any CPU.ActiveCfg = Release|Any CPU
		{D897E062-C826-40C1-9DB4-A845887AB124}.Release|Any CPU.Build.0 = Release|Any CPU
		{D897E062-C826-40C1-9DB4-A845887AB124}.Release|x64.ActiveCfg = Release|Any CPU
		{D897E062-C826-40C1-9DB4-A845887AB124}.Release|x64.Build.0 = Release|Any CPU
		{D897E062-C826-40C1-9DB4-A845887AB124}.Release|x86.ActiveCfg = Release|Any CPU
		{D897E062-C826-40C1-9DB4-A845887AB124}.Release|x86.Build.0 = Release|Any CPU
		{66EF15BE-1661-4C3D-A83B-735981AEF123}.Debug|Any CPU.ActiveCfg = Debug|Any CPU
		{66EF15BE-1661-4C3D-A83B-735981AEF123}.Debug|Any CPU.Build.0 = Debug|Any CPU
		{66EF15BE-1661-4C3D-A83B-735981AEF123}.Debug|x64.ActiveCfg = Debug|Any CPU
		{66EF15BE-1661-4C3D-A83B-735981AEF123}.Debug|x64.Build.0 = Debug|Any CPU
		{66EF15BE-1661-4C3D-A83B-735981AEF123}.Debug|x86.ActiveCfg = Debug|Any CPU
		{66EF15BE-1661-4C3D-A83B-735981AEF123}.Debug|x86.Build.0 = Debug|Any CPU
		{66EF15BE-1661-4C3D-A83B-735981AEF123}.Release|Any CPU.ActiveCfg = Release|Any CPU
		{66EF15BE-1661-4C3D-A83B-735981AEF123}.Release|Any CPU.Build.0 = Release|Any CPU
		{66EF15BE-1661-4C3D-A83B-735981AEF123}.Release|x64.ActiveCfg = Release|Any CPU
		{66EF15BE-1661-4C3D-A83B-735981AEF123}.Release|x64.Build.0 = Release|Any CPU
		{66EF15BE-1661-4C3D-A83B-735981AEF123}.Release|x86.ActiveCfg = Release|Any CPU
		{66EF15BE-1661-4C3D-A83B-735981AEF123}.Release|x86.Build.0 = Release|Any CPU
		{37961C5D-63D5-447A-88A4-F0893E811E0A}.Debug|Any CPU.ActiveCfg = Debug|Any CPU
		{37961C5D-63D5-447A-88A4-F0893E811E0A}.Debug|Any CPU.Build.0 = Debug|Any CPU
		{37961C5D-63D5-447A-88A4-F0893E811E0A}.Debug|x64.ActiveCfg = Debug|Any CPU
		{37961C5D-63D5-447A-88A4-F0893E811E0A}.Debug|x64.Build.0 = Debug|Any CPU
		{37961C5D-63D5-447A-88A4-F0893E811E0A}.Debug|x86.ActiveCfg = Debug|Any CPU
		{37961C5D-63D5-447A-88A4-F0893E811E0A}.Debug|x86.Build.0 = Debug|Any CPU
		{37961C5D-63D5-447A-88A4-F0893E811E0A}.Release|Any CPU.ActiveCfg = Release|Any CPU
		{37961C5D-63D5-447A-88A4-F0893E811E0A}.Release|Any CPU.Build.0 = Release|Any CPU
		{37961C5D-63D5-447A-88A4-F0893E811E0A}.Release|x64.ActiveCfg = Release|Any CPU
		{37961C5D-63D5-447A-88A4-F0893E811E0A}.Release|x64.Build.0 = Release|Any CPU
		{37961C5D-63D5-447A-88A4-F0893E811E0A}.Release|x86.ActiveCfg = Release|Any CPU
		{37961C5D-63D5-447A-88A4-F0893E811E0A}.Release|x86.Build.0 = Release|Any CPU
		{3620934C-AC7B-405E-B0EB-211325DCC1F1}.Debug|Any CPU.ActiveCfg = Debug|Any CPU
		{3620934C-AC7B-405E-B0EB-211325DCC1F1}.Debug|Any CPU.Build.0 = Debug|Any CPU
		{3620934C-AC7B-405E-B0EB-211325DCC1F1}.Debug|x64.ActiveCfg = Debug|Any CPU
		{3620934C-AC7B-405E-B0EB-211325DCC1F1}.Debug|x64.Build.0 = Debug|Any CPU
		{3620934C-AC7B-405E-B0EB-211325DCC1F1}.Debug|x86.ActiveCfg = Debug|Any CPU
		{3620934C-AC7B-405E-B0EB-211325DCC1F1}.Debug|x86.Build.0 = Debug|Any CPU
		{3620934C-AC7B-405E-B0EB-211325DCC1F1}.Release|Any CPU.ActiveCfg = Release|Any CPU
		{3620934C-AC7B-405E-B0EB-211325DCC1F1}.Release|Any CPU.Build.0 = Release|Any CPU
		{3620934C-AC7B-405E-B0EB-211325DCC1F1}.Release|x64.ActiveCfg = Release|Any CPU
		{3620934C-AC7B-405E-B0EB-211325DCC1F1}.Release|x64.Build.0 = Release|Any CPU
		{3620934C-AC7B-405E-B0EB-211325DCC1F1}.Release|x86.ActiveCfg = Release|Any CPU
		{3620934C-AC7B-405E-B0EB-211325DCC1F1}.Release|x86.Build.0 = Release|Any CPU
	EndGlobalSection
	GlobalSection(SolutionProperties) = preSolution
		HideSolutionNode = FALSE
	EndGlobalSection
EndGlobal
